
Microsoft Visual Studio Solution File, Format Version 12.00
# Visual Studio Version 16
VisualStudioVersion = 16.0.34031.81
MinimumVisualStudioVersion = 10.0.40219.1
Project("{9A19103F-16F7-4668-BE54-9A1E7A4F7556}") = "CleanArchMvc.Domain", "CleanArchMvc.Domain\CleanArchMvc.Domain.csproj", "{3E131AFF-36A7-4E85-ACF6-A1F73D5BD1F1}"
EndProject
Project("{9A19103F-16F7-4668-BE54-9A1E7A4F7556}") = "CleanArchMvc.Application", "CleanArchMvc.Application\CleanArchMvc.Application.csproj", "{66978020-D7F3-4B73-B9EA-CCF0AD28681A}"
EndProject
Project("{9A19103F-16F7-4668-BE54-9A1E7A4F7556}") = "CleanArchMvc.Infra.Data", "CleanArchMvc.Infra.Data\CleanArchMvc.Infra.Data.csproj", "{92034578-75F4-494D-AD2F-29C3A9FF5BEA}"
EndProject
Project("{9A19103F-16F7-4668-BE54-9A1E7A4F7556}") = "CleanArchMvc.Infra.IoC", "CleanArchMvc.Infra.IoC\CleanArchMvc.Infra.IoC.csproj", "{E0FB5958-DC7A-4E65-9AE8-BC007B1B7541}"
EndProject
Project("{9A19103F-16F7-4668-BE54-9A1E7A4F7556}") = "CleanArchMvc.WebUI", "CleanArchMvc.WebUI\CleanArchMvc.WebUI.csproj", "{DFCEB5E5-347F-4A19-9872-F607B48BE1DC}"
EndProject
Project("{2150E333-8FDC-42A3-9474-1A3956D46DE8}") = "Solution Items", "Solution Items", "{778253C8-77CF-40E0-9377-81636F7B916D}"
	ProjectSection(SolutionItems) = preProject
		.editorconfig = .editorconfig
	EndProjectSection
EndProject
Global
	GlobalSection(SolutionConfigurationPlatforms) = preSolution
		Debug|Any CPU = Debug|Any CPU
		Release|Any CPU = Release|Any CPU
	EndGlobalSection
	GlobalSection(ProjectConfigurationPlatforms) = postSolution
		{3E131AFF-36A7-4E85-ACF6-A1F73D5BD1F1}.Debug|Any CPU.ActiveCfg = Debug|Any CPU
		{3E131AFF-36A7-4E85-ACF6-A1F73D5BD1F1}.Debug|Any CPU.Build.0 = Debug|Any CPU
		{3E131AFF-36A7-4E85-ACF6-A1F73D5BD1F1}.Release|Any CPU.ActiveCfg = Release|Any CPU
		{3E131AFF-36A7-4E85-ACF6-A1F73D5BD1F1}.Release|Any CPU.Build.0 = Release|Any CPU
		{66978020-D7F3-4B73-B9EA-CCF0AD28681A}.Debug|Any CPU.ActiveCfg = Debug|Any CPU
		{66978020-D7F3-4B73-B9EA-CCF0AD28681A}.Debug|Any CPU.Build.0 = Debug|Any CPU
		{66978020-D7F3-4B73-B9EA-CCF0AD28681A}.Release|Any CPU.ActiveCfg = Release|Any CPU
		{66978020-D7F3-4B73-B9EA-CCF0AD28681A}.Release|Any CPU.Build.0 = Release|Any CPU
		{92034578-75F4-494D-AD2F-29C3A9FF5BEA}.Debug|Any CPU.ActiveCfg = Debug|Any CPU
		{92034578-75F4-494D-AD2F-29C3A9FF5BEA}.Debug|Any CPU.Build.0 = Debug|Any CPU
		{92034578-75F4-494D-AD2F-29C3A9FF5BEA}.Release|Any CPU.ActiveCfg = Release|Any CPU
		{92034578-75F4-494D-AD2F-29C3A9FF5BEA}.Release|Any CPU.Build.0 = Release|Any CPU
		{E0FB5958-DC7A-4E65-9AE8-BC007B1B7541}.Debug|Any CPU.ActiveCfg = Debug|Any CPU
		{E0FB5958-DC7A-4E65-9AE8-BC007B1B7541}.Debug|Any CPU.Build.0 = Debug|Any CPU
		{E0FB5958-DC7A-4E65-9AE8-BC007B1B7541}.Release|Any CPU.ActiveCfg = Release|Any CPU
		{E0FB5958-DC7A-4E65-9AE8-BC007B1B7541}.Release|Any CPU.Build.0 = Release|Any CPU
		{DFCEB5E5-347F-4A19-9872-F607B48BE1DC}.Debug|Any CPU.ActiveCfg = Debug|Any CPU
		{DFCEB5E5-347F-4A19-9872-F607B48BE1DC}.Debug|Any CPU.Build.0 = Debug|Any CPU
		{DFCEB5E5-347F-4A19-9872-F607B48BE1DC}.Release|Any CPU.ActiveCfg = Release|Any CPU
		{DFCEB5E5-347F-4A19-9872-F607B48BE1DC}.Release|Any CPU.Build.0 = Release|Any CPU
	EndGlobalSection
	GlobalSection(SolutionProperties) = preSolution
		HideSolutionNode = FALSE
	EndGlobalSection
	GlobalSection(ExtensibilityGlobals) = postSolution
		SolutionGuid = {2E6C847E-5259-4CE4-80AC-6B269A6945BC}
	EndGlobalSection
EndGlobal
